
Microsoft Visual Studio Solution File, Format Version 12.00
# Visual Studio Version 17
VisualStudioVersion = 17.3.32929.385
MinimumVisualStudioVersion = 10.0.40219.1
Project("{9A19103F-16F7-4668-BE54-9A1E7A4F7556}") = "MultiTracking.Console.App", "MultiTracking.Console.App\MultiTracking.Console.App.csproj", "{91691432-284C-4744-8A2A-DA67271263FF}"
EndProject
Project("{FAE04EC0-301F-11D3-BF4B-00C04F79EFBC}") = "Correios.App", "Correios.App\Correios.App.csproj", "{CAED13E1-23E4-45AE-A575-BC7900E8930D}"
EndProject
Global
	GlobalSection(SolutionConfigurationPlatforms) = preSolution
		Debug|Any CPU = Debug|Any CPU
		Release|Any CPU = Release|Any CPU
	EndGlobalSection
	GlobalSection(ProjectConfigurationPlatforms) = postSolution
		{91691432-284C-4744-8A2A-DA67271263FF}.Debug|Any CPU.ActiveCfg = Debug|Any CPU
		{91691432-284C-4744-8A2A-DA67271263FF}.Debug|Any CPU.Build.0 = Debug|Any CPU
		{91691432-284C-4744-8A2A-DA67271263FF}.Release|Any CPU.ActiveCfg = Release|Any CPU
		{91691432-284C-4744-8A2A-DA67271263FF}.Release|Any CPU.Build.0 = Release|Any CPU
		{CAED13E1-23E4-45AE-A575-BC7900E8930D}.Debug|Any CPU.ActiveCfg = Debug|Any CPU
		{CAED13E1-23E4-45AE-A575-BC7900E8930D}.Debug|Any CPU.Build.0 = Debug|Any CPU
		{CAED13E1-23E4-45AE-A575-BC7900E8930D}.Release|Any CPU.ActiveCfg = Release|Any CPU
		{CAED13E1-23E4-45AE-A575-BC7900E8930D}.Release|Any CPU.Build.0 = Release|Any CPU
	EndGlobalSection
	GlobalSection(SolutionProperties) = preSolution
		HideSolutionNode = FALSE
	EndGlobalSection
	GlobalSection(ExtensibilityGlobals) = postSolution
		SolutionGuid = {82C4D1CD-8AD8-41C7-AA14-303755E12ED4}
	EndGlobalSection
EndGlobal
